
Microsoft Visual Studio Solution File, Format Version 12.00
# Visual Studio 15
VisualStudioVersion = 15.0.26730.12
MinimumVisualStudioVersion = 10.0.40219.1
Project("{9A19103F-16F7-4668-BE54-9A1E7A4F7556}") = "LocalNews", "LocalNews\LocalNews\LocalNews.csproj", "{2AB756FC-97BC-469E-AAAD-8FEB629E81CE}"
EndProject
Project("{FAE04EC0-301F-11D3-BF4B-00C04F79EFBC}") = "LocalNews.iOS", "LocalNews\LocalNews.iOS\LocalNews.iOS.csproj", "{AB5C507A-AB14-4C33-A6A4-830113001C47}"
EndProject
Project("{FAE04EC0-301F-11D3-BF4B-00C04F79EFBC}") = "LocalNews.Android", "LocalNews\LocalNews.Android\LocalNews.Android.csproj", "{003FB81A-EFF0-4166-AFDB-22ABE18FC8EC}"
EndProject
Project("{FAE04EC0-301F-11D3-BF4B-00C04F79EFBC}") = "LocalNews.WinPhone", "LocalNews\LocalNews.WinPhone\LocalNews.WinPhone.csproj", "{D94F158D-0898-4636-9F03-E0CA27FF9E0C}"
EndProject
Project("{FAE04EC0-301F-11D3-BF4B-00C04F79EFBC}") = "LocalNews.UWP", "LocalNews\LocalNews.UWP\LocalNews.UWP.csproj", "{87F8F5B1-C87F-40AD-8FF1-B172B10E33C4}"
EndProject
Global
	GlobalSection(SolutionConfigurationPlatforms) = preSolution
		Ad-Hoc|Any CPU = Ad-Hoc|Any CPU
		Ad-Hoc|ARM = Ad-Hoc|ARM
		Ad-Hoc|iPhone = Ad-Hoc|iPhone
		Ad-Hoc|iPhoneSimulator = Ad-Hoc|iPhoneSimulator
		Ad-Hoc|x86 = Ad-Hoc|x86
		AppStore|Any CPU = AppStore|Any CPU
		AppStore|ARM = AppStore|ARM
		AppStore|iPhone = AppStore|iPhone
		AppStore|iPhoneSimulator = AppStore|iPhoneSimulator
		AppStore|x86 = AppStore|x86
		Debug|Any CPU = Debug|Any CPU
		Debug|ARM = Debug|ARM
		Debug|iPhone = Debug|iPhone
		Debug|iPhoneSimulator = Debug|iPhoneSimulator
		Debug|x86 = Debug|x86
		Release|Any CPU = Release|Any CPU
		Release|ARM = Release|ARM
		Release|iPhone = Release|iPhone
		Release|iPhoneSimulator = Release|iPhoneSimulator
		Release|x86 = Release|x86
	EndGlobalSection
	GlobalSection(ProjectConfigurationPlatforms) = postSolution
		{2AB756FC-97BC-469E-AAAD-8FEB629E81CE}.Ad-Hoc|Any CPU.ActiveCfg = Release|Any CPU
		{2AB756FC-97BC-469E-AAAD-8FEB629E81CE}.Ad-Hoc|Any CPU.Build.0 = Release|Any CPU
		{2AB756FC-97BC-469E-AAAD-8FEB629E81CE}.Ad-Hoc|ARM.ActiveCfg = Release|Any CPU
		{2AB756FC-97BC-469E-AAAD-8FEB629E81CE}.Ad-Hoc|ARM.Build.0 = Release|Any CPU
		{2AB756FC-97BC-469E-AAAD-8FEB629E81CE}.Ad-Hoc|iPhone.ActiveCfg = Release|Any CPU
		{2AB756FC-97BC-469E-AAAD-8FEB629E81CE}.Ad-Hoc|iPhone.Build.0 = Release|Any CPU
		{2AB756FC-97BC-469E-AAAD-8FEB629E81CE}.Ad-Hoc|iPhoneSimulator.ActiveCfg = Release|Any CPU
		{2AB756FC-97BC-469E-AAAD-8FEB629E81CE}.Ad-Hoc|iPhoneSimulator.Build.0 = Release|Any CPU
		{2AB756FC-97BC-469E-AAAD-8FEB629E81CE}.Ad-Hoc|x86.ActiveCfg = Release|Any CPU
		{2AB756FC-97BC-469E-AAAD-8FEB629E81CE}.Ad-Hoc|x86.Build.0 = Release|Any CPU
		{2AB756FC-97BC-469E-AAAD-8FEB629E81CE}.AppStore|Any CPU.ActiveCfg = Release|Any CPU
		{2AB756FC-97BC-469E-AAAD-8FEB629E81CE}.AppStore|Any CPU.Build.0 = Release|Any CPU
		{2AB756FC-97BC-469E-AAAD-8FEB629E81CE}.AppStore|ARM.ActiveCfg = Release|Any CPU
		{2AB756FC-97BC-469E-AAAD-8FEB629E81CE}.AppStore|ARM.Build.0 = Release|Any CPU
		{2AB756FC-97BC-469E-AAAD-8FEB629E81CE}.AppStore|iPhone.ActiveCfg = Release|Any CPU
		{2AB756FC-97BC-469E-AAAD-8FEB629E81CE}.AppStore|iPhone.Build.0 = Release|Any CPU
		{2AB756FC-97BC-469E-AAAD-8FEB629E81CE}.AppStore|iPhoneSimulator.ActiveCfg = Release|Any CPU
		{2AB756FC-97BC-469E-AAAD-8FEB629E81CE}.AppStore|iPhoneSimulator.Build.0 = Release|Any CPU
		{2AB756FC-97BC-469E-AAAD-8FEB629E81CE}.AppStore|x86.ActiveCfg = Release|Any CPU
		{2AB756FC-97BC-469E-AAAD-8FEB629E81CE}.AppStore|x86.Build.0 = Release|Any CPU
		{2AB756FC-97BC-469E-AAAD-8FEB629E81CE}.Debug|Any CPU.ActiveCfg = Debug|Any CPU
		{2AB756FC-97BC-469E-AAAD-8FEB629E81CE}.Debug|Any CPU.Build.0 = Debug|Any CPU
		{2AB756FC-97BC-469E-AAAD-8FEB629E81CE}.Debug|ARM.ActiveCfg = Debug|Any CPU
		{2AB756FC-97BC-469E-AAAD-8FEB629E81CE}.Debug|ARM.Build.0 = Debug|Any CPU
		{2AB756FC-97BC-469E-AAAD-8FEB629E81CE}.Debug|iPhone.ActiveCfg = Debug|Any CPU
		{2AB756FC-97BC-469E-AAAD-8FEB629E81CE}.Debug|iPhone.Build.0 = Debug|Any CPU
		{2AB756FC-97BC-469E-AAAD-8FEB629E81CE}.Debug|iPhoneSimulator.ActiveCfg = Debug|Any CPU
		{2AB756FC-97BC-469E-AAAD-8FEB629E81CE}.Debug|iPhoneSimulator.Build.0 = Debug|Any CPU
		{2AB756FC-97BC-469E-AAAD-8FEB629E81CE}.Debug|x86.ActiveCfg = Debug|Any CPU
		{2AB756FC-97BC-469E-AAAD-8FEB629E81CE}.Debug|x86.Build.0 = Debug|Any CPU
		{2AB756FC-97BC-469E-AAAD-8FEB629E81CE}.Release|Any CPU.ActiveCfg = Release|Any CPU
		{2AB756FC-97BC-469E-AAAD-8FEB629E81CE}.Release|Any CPU.Build.0 = Release|Any CPU
		{2AB756FC-97BC-469E-AAAD-8FEB629E81CE}.Release|ARM.ActiveCfg = Release|Any CPU
		{2AB756FC-97BC-469E-AAAD-8FEB629E81CE}.Release|ARM.Build.0 = Release|Any CPU
		{2AB756FC-97BC-469E-AAAD-8FEB629E81CE}.Release|iPhone.ActiveCfg = Release|Any CPU
		{2AB756FC-97BC-469E-AAAD-8FEB629E81CE}.Release|iPhone.Build.0 = Release|Any CPU
		{2AB756FC-97BC-469E-AAAD-8FEB629E81CE}.Release|iPhoneSimulator.ActiveCfg = Release|Any CPU
		{2AB756FC-97BC-469E-AAAD-8FEB629E81CE}.Release|iPhoneSimulator.Build.0 = Release|Any CPU
		{2AB756FC-97BC-469E-AAAD-8FEB629E81CE}.Release|x86.ActiveCfg = Release|Any CPU
		{2AB756FC-97BC-469E-AAAD-8FEB629E81CE}.Release|x86.Build.0 = Release|Any CPU
		{AB5C507A-AB14-4C33-A6A4-830113001C47}.Ad-Hoc|Any CPU.ActiveCfg = Release|iPhoneSimulator
		{AB5C507A-AB14-4C33-A6A4-830113001C47}.Ad-Hoc|Any CPU.Build.0 = Release|iPhoneSimulator
		{AB5C507A-AB14-4C33-A6A4-830113001C47}.Ad-Hoc|ARM.ActiveCfg = Release|iPhoneSimulator
		{AB5C507A-AB14-4C33-A6A4-830113001C47}.Ad-Hoc|ARM.Build.0 = Release|iPhoneSimulator
		{AB5C507A-AB14-4C33-A6A4-830113001C47}.Ad-Hoc|iPhone.ActiveCfg = Release|iPhone
		{AB5C507A-AB14-4C33-A6A4-830113001C47}.Ad-Hoc|iPhone.Build.0 = Release|iPhone
		{AB5C507A-AB14-4C33-A6A4-830113001C47}.Ad-Hoc|iPhoneSimulator.ActiveCfg = Release|iPhoneSimulator
		{AB5C507A-AB14-4C33-A6A4-830113001C47}.Ad-Hoc|iPhoneSimulator.Build.0 = Release|iPhoneSimulator
		{AB5C507A-AB14-4C33-A6A4-830113001C47}.Ad-Hoc|x86.ActiveCfg = Release|iPhoneSimulator
		{AB5C507A-AB14-4C33-A6A4-830113001C47}.Ad-Hoc|x86.Build.0 = Release|iPhoneSimulator
		{AB5C507A-AB14-4C33-A6A4-830113001C47}.AppStore|Any CPU.ActiveCfg = Release|iPhoneSimulator
		{AB5C507A-AB14-4C33-A6A4-830113001C47}.AppStore|Any CPU.Build.0 = Release|iPhoneSimulator
		{AB5C507A-AB14-4C33-A6A4-830113001C47}.AppStore|ARM.ActiveCfg = Release|iPhoneSimulator
		{AB5C507A-AB14-4C33-A6A4-830113001C47}.AppStore|ARM.Build.0 = Release|iPhoneSimulator
		{AB5C507A-AB14-4C33-A6A4-830113001C47}.AppStore|iPhone.ActiveCfg = Release|iPhone
		{AB5C507A-AB14-4C33-A6A4-830113001C47}.AppStore|iPhone.Build.0 = Release|iPhone
		{AB5C507A-AB14-4C33-A6A4-830113001C47}.AppStore|iPhoneSimulator.ActiveCfg = Release|iPhoneSimulator
		{AB5C507A-AB14-4C33-A6A4-830113001C47}.AppStore|iPhoneSimulator.Build.0 = Release|iPhoneSimulator
		{AB5C507A-AB14-4C33-A6A4-830113001C47}.AppStore|x86.ActiveCfg = Release|iPhoneSimulator
		{AB5C507A-AB14-4C33-A6A4-830113001C47}.AppStore|x86.Build.0 = Release|iPhoneSimulator
		{AB5C507A-AB14-4C33-A6A4-830113001C47}.Debug|Any CPU.ActiveCfg = Debug|iPhone
		{AB5C507A-AB14-4C33-A6A4-830113001C47}.Debug|ARM.ActiveCfg = Debug|iPhone
		{AB5C507A-AB14-4C33-A6A4-830113001C47}.Debug|iPhone.ActiveCfg = Debug|iPhone
		{AB5C507A-AB14-4C33-A6A4-830113001C47}.Debug|iPhone.Build.0 = Debug|iPhone
		{AB5C507A-AB14-4C33-A6A4-830113001C47}.Debug|iPhoneSimulator.ActiveCfg = Debug|iPhoneSimulator
		{AB5C507A-AB14-4C33-A6A4-830113001C47}.Debug|iPhoneSimulator.Build.0 = Debug|iPhoneSimulator
		{AB5C507A-AB14-4C33-A6A4-830113001C47}.Debug|x86.ActiveCfg = Debug|iPhone
		{AB5C507A-AB14-4C33-A6A4-830113001C47}.Release|Any CPU.ActiveCfg = Release|iPhone
		{AB5C507A-AB14-4C33-A6A4-830113001C47}.Release|ARM.ActiveCfg = Release|iPhone
		{AB5C507A-AB14-4C33-A6A4-830113001C47}.Release|iPhone.ActiveCfg = Release|iPhone
		{AB5C507A-AB14-4C33-A6A4-830113001C47}.Release|iPhone.Build.0 = Release|iPhone
		{AB5C507A-AB14-4C33-A6A4-830113001C47}.Release|iPhoneSimulator.ActiveCfg = Release|iPhoneSimulator
		{AB5C507A-AB14-4C33-A6A4-830113001C47}.Release|iPhoneSimulator.Build.0 = Release|iPhoneSimulator
		{AB5C507A-AB14-4C33-A6A4-830113001C47}.Release|x86.ActiveCfg = Release|iPhone
		{003FB81A-EFF0-4166-AFDB-22ABE18FC8EC}.Ad-Hoc|Any CPU.ActiveCfg = Release|Any CPU
		{003FB81A-EFF0-4166-AFDB-22ABE18FC8EC}.Ad-Hoc|Any CPU.Build.0 = Release|Any CPU
		{003FB81A-EFF0-4166-AFDB-22ABE18FC8EC}.Ad-Hoc|Any CPU.Deploy.0 = Release|Any CPU
		{003FB81A-EFF0-4166-AFDB-22ABE18FC8EC}.Ad-Hoc|ARM.ActiveCfg = Release|Any CPU
		{003FB81A-EFF0-4166-AFDB-22ABE18FC8EC}.Ad-Hoc|ARM.Build.0 = Release|Any CPU
		{003FB81A-EFF0-4166-AFDB-22ABE18FC8EC}.Ad-Hoc|ARM.Deploy.0 = Release|Any CPU
		{003FB81A-EFF0-4166-AFDB-22ABE18FC8EC}.Ad-Hoc|iPhone.ActiveCfg = Release|Any CPU
		{003FB81A-EFF0-4166-AFDB-22ABE18FC8EC}.Ad-Hoc|iPhone.Build.0 = Release|Any CPU
		{003FB81A-EFF0-4166-AFDB-22ABE18FC8EC}.Ad-Hoc|iPhone.Deploy.0 = Release|Any CPU
		{003FB81A-EFF0-4166-AFDB-22ABE18FC8EC}.Ad-Hoc|iPhoneSimulator.ActiveCfg = Release|Any CPU
		{003FB81A-EFF0-4166-AFDB-22ABE18FC8EC}.Ad-Hoc|iPhoneSimulator.Build.0 = Release|Any CPU
		{003FB81A-EFF0-4166-AFDB-22ABE18FC8EC}.Ad-Hoc|iPhoneSimulator.Deploy.0 = Release|Any CPU
		{003FB81A-EFF0-4166-AFDB-22ABE18FC8EC}.Ad-Hoc|x86.ActiveCfg = Release|Any CPU
		{003FB81A-EFF0-4166-AFDB-22ABE18FC8EC}.Ad-Hoc|x86.Build.0 = Release|Any CPU
		{003FB81A-EFF0-4166-AFDB-22ABE18FC8EC}.Ad-Hoc|x86.Deploy.0 = Release|Any CPU
		{003FB81A-EFF0-4166-AFDB-22ABE18FC8EC}.AppStore|Any CPU.ActiveCfg = Release|Any CPU
		{003FB81A-EFF0-4166-AFDB-22ABE18FC8EC}.AppStore|Any CPU.Build.0 = Release|Any CPU
		{003FB81A-EFF0-4166-AFDB-22ABE18FC8EC}.AppStore|Any CPU.Deploy.0 = Release|Any CPU
		{003FB81A-EFF0-4166-AFDB-22ABE18FC8EC}.AppStore|ARM.ActiveCfg = Release|Any CPU
		{003FB81A-EFF0-4166-AFDB-22ABE18FC8EC}.AppStore|ARM.Build.0 = Release|Any CPU
		{003FB81A-EFF0-4166-AFDB-22ABE18FC8EC}.AppStore|ARM.Deploy.0 = Release|Any CPU
		{003FB81A-EFF0-4166-AFDB-22ABE18FC8EC}.AppStore|iPhone.ActiveCfg = Release|Any CPU
		{003FB81A-EFF0-4166-AFDB-22ABE18FC8EC}.AppStore|iPhone.Build.0 = Release|Any CPU
		{003FB81A-EFF0-4166-AFDB-22ABE18FC8EC}.AppStore|iPhone.Deploy.0 = Release|Any CPU
		{003FB81A-EFF0-4166-AFDB-22ABE18FC8EC}.AppStore|iPhoneSimulator.ActiveCfg = Release|Any CPU
		{003FB81A-EFF0-4166-AFDB-22ABE18FC8EC}.AppStore|iPhoneSimulator.Build.0 = Release|Any CPU
		{003FB81A-EFF0-4166-AFDB-22ABE18FC8EC}.AppStore|iPhoneSimulator.Deploy.0 = Release|Any CPU
		{003FB81A-EFF0-4166-AFDB-22ABE18FC8EC}.AppStore|x86.ActiveCfg = Release|Any CPU
		{003FB81A-EFF0-4166-AFDB-22ABE18FC8EC}.AppStore|x86.Build.0 = Release|Any CPU
		{003FB81A-EFF0-4166-AFDB-22ABE18FC8EC}.AppStore|x86.Deploy.0 = Release|Any CPU
		{003FB81A-EFF0-4166-AFDB-22ABE18FC8EC}.Debug|Any CPU.ActiveCfg = Debug|Any CPU
		{003FB81A-EFF0-4166-AFDB-22ABE18FC8EC}.Debug|Any CPU.Build.0 = Debug|Any CPU
		{003FB81A-EFF0-4166-AFDB-22ABE18FC8EC}.Debug|Any CPU.Deploy.0 = Debug|Any CPU
		{003FB81A-EFF0-4166-AFDB-22ABE18FC8EC}.Debug|ARM.ActiveCfg = Debug|Any CPU
		{003FB81A-EFF0-4166-AFDB-22ABE18FC8EC}.Debug|ARM.Build.0 = Debug|Any CPU
		{003FB81A-EFF0-4166-AFDB-22ABE18FC8EC}.Debug|ARM.Deploy.0 = Debug|Any CPU
		{003FB81A-EFF0-4166-AFDB-22ABE18FC8EC}.Debug|iPhone.ActiveCfg = Debug|Any CPU
		{003FB81A-EFF0-4166-AFDB-22ABE18FC8EC}.Debug|iPhone.Build.0 = Debug|Any CPU
		{003FB81A-EFF0-4166-AFDB-22ABE18FC8EC}.Debug|iPhone.Deploy.0 = Debug|Any CPU
		{003FB81A-EFF0-4166-AFDB-22ABE18FC8EC}.Debug|iPhoneSimulator.ActiveCfg = Debug|Any CPU
		{003FB81A-EFF0-4166-AFDB-22ABE18FC8EC}.Debug|iPhoneSimulator.Build.0 = Debug|Any CPU
		{003FB81A-EFF0-4166-AFDB-22ABE18FC8EC}.Debug|iPhoneSimulator.Deploy.0 = Debug|Any CPU
		{003FB81A-EFF0-4166-AFDB-22ABE18FC8EC}.Debug|x86.ActiveCfg = Debug|Any CPU
		{003FB81A-EFF0-4166-AFDB-22ABE18FC8EC}.Debug|x86.Build.0 = Debug|Any CPU
		{003FB81A-EFF0-4166-AFDB-22ABE18FC8EC}.Debug|x86.Deploy.0 = Debug|Any CPU
		{003FB81A-EFF0-4166-AFDB-22ABE18FC8EC}.Release|Any CPU.ActiveCfg = Release|Any CPU
		{003FB81A-EFF0-4166-AFDB-22ABE18FC8EC}.Release|Any CPU.Build.0 = Release|Any CPU
		{003FB81A-EFF0-4166-AFDB-22ABE18FC8EC}.Release|Any CPU.Deploy.0 = Release|Any CPU
		{003FB81A-EFF0-4166-AFDB-22ABE18FC8EC}.Release|ARM.ActiveCfg = Release|Any CPU
		{003FB81A-EFF0-4166-AFDB-22ABE18FC8EC}.Release|ARM.Build.0 = Release|Any CPU
		{003FB81A-EFF0-4166-AFDB-22ABE18FC8EC}.Release|ARM.Deploy.0 = Release|Any CPU
		{003FB81A-EFF0-4166-AFDB-22ABE18FC8EC}.Release|iPhone.ActiveCfg = Release|Any CPU
		{003FB81A-EFF0-4166-AFDB-22ABE18FC8EC}.Release|iPhone.Build.0 = Release|Any CPU
		{003FB81A-EFF0-4166-AFDB-22ABE18FC8EC}.Release|iPhone.Deploy.0 = Release|Any CPU
		{003FB81A-EFF0-4166-AFDB-22ABE18FC8EC}.Release|iPhoneSimulator.ActiveCfg = Release|Any CPU
		{003FB81A-EFF0-4166-AFDB-22ABE18FC8EC}.Release|iPhoneSimulator.Build.0 = Release|Any CPU
		{003FB81A-EFF0-4166-AFDB-22ABE18FC8EC}.Release|iPhoneSimulator.Deploy.0 = Release|Any CPU
		{003FB81A-EFF0-4166-AFDB-22ABE18FC8EC}.Release|x86.ActiveCfg = Release|Any CPU
		{003FB81A-EFF0-4166-AFDB-22ABE18FC8EC}.Release|x86.Build.0 = Release|Any CPU
		{003FB81A-EFF0-4166-AFDB-22ABE18FC8EC}.Release|x86.Deploy.0 = Release|Any CPU
		{D94F158D-0898-4636-9F03-E0CA27FF9E0C}.Ad-Hoc|Any CPU.ActiveCfg = Release|Any CPU
		{D94F158D-0898-4636-9F03-E0CA27FF9E0C}.Ad-Hoc|Any CPU.Build.0 = Release|Any CPU
		{D94F158D-0898-4636-9F03-E0CA27FF9E0C}.Ad-Hoc|Any CPU.Deploy.0 = Release|Any CPU
		{D94F158D-0898-4636-9F03-E0CA27FF9E0C}.Ad-Hoc|ARM.ActiveCfg = Release|ARM
		{D94F158D-0898-4636-9F03-E0CA27FF9E0C}.Ad-Hoc|ARM.Build.0 = Release|ARM
		{D94F158D-0898-4636-9F03-E0CA27FF9E0C}.Ad-Hoc|ARM.Deploy.0 = Release|ARM
		{D94F158D-0898-4636-9F03-E0CA27FF9E0C}.Ad-Hoc|iPhone.ActiveCfg = Release|Any CPU
		{D94F158D-0898-4636-9F03-E0CA27FF9E0C}.Ad-Hoc|iPhone.Build.0 = Release|Any CPU
		{D94F158D-0898-4636-9F03-E0CA27FF9E0C}.Ad-Hoc|iPhone.Deploy.0 = Release|Any CPU
		{D94F158D-0898-4636-9F03-E0CA27FF9E0C}.Ad-Hoc|iPhoneSimulator.ActiveCfg = Release|Any CPU
		{D94F158D-0898-4636-9F03-E0CA27FF9E0C}.Ad-Hoc|iPhoneSimulator.Build.0 = Release|Any CPU
		{D94F158D-0898-4636-9F03-E0CA27FF9E0C}.Ad-Hoc|iPhoneSimulator.Deploy.0 = Release|Any CPU
		{D94F158D-0898-4636-9F03-E0CA27FF9E0C}.Ad-Hoc|x86.ActiveCfg = Release|x86
		{D94F158D-0898-4636-9F03-E0CA27FF9E0C}.Ad-Hoc|x86.Build.0 = Release|x86
		{D94F158D-0898-4636-9F03-E0CA27FF9E0C}.Ad-Hoc|x86.Deploy.0 = Release|x86
		{D94F158D-0898-4636-9F03-E0CA27FF9E0C}.AppStore|Any CPU.ActiveCfg = Release|Any CPU
		{D94F158D-0898-4636-9F03-E0CA27FF9E0C}.AppStore|Any CPU.Build.0 = Release|Any CPU
		{D94F158D-0898-4636-9F03-E0CA27FF9E0C}.AppStore|Any CPU.Deploy.0 = Release|Any CPU
		{D94F158D-0898-4636-9F03-E0CA27FF9E0C}.AppStore|ARM.ActiveCfg = Release|ARM
		{D94F158D-0898-4636-9F03-E0CA27FF9E0C}.AppStore|ARM.Build.0 = Release|ARM
		{D94F158D-0898-4636-9F03-E0CA27FF9E0C}.AppStore|ARM.Deploy.0 = Release|ARM
		{D94F158D-0898-4636-9F03-E0CA27FF9E0C}.AppStore|iPhone.ActiveCfg = Release|Any CPU
		{D94F158D-0898-4636-9F03-E0CA27FF9E0C}.AppStore|iPhone.Build.0 = Release|Any CPU
		{D94F158D-0898-4636-9F03-E0CA27FF9E0C}.AppStore|iPhone.Deploy.0 = Release|Any CPU
		{D94F158D-0898-4636-9F03-E0CA27FF9E0C}.AppStore|iPhoneSimulator.ActiveCfg = Release|Any CPU
		{D94F158D-0898-4636-9F03-E0CA27FF9E0C}.AppStore|iPhoneSimulator.Build.0 = Release|Any CPU
		{D94F158D-0898-4636-9F03-E0CA27FF9E0C}.AppStore|iPhoneSimulator.Deploy.0 = Release|Any CPU
		{D94F158D-0898-4636-9F03-E0CA27FF9E0C}.AppStore|x86.ActiveCfg = Release|x86
		{D94F158D-0898-4636-9F03-E0CA27FF9E0C}.AppStore|x86.Build.0 = Release|x86
		{D94F158D-0898-4636-9F03-E0CA27FF9E0C}.AppStore|x86.Deploy.0 = Release|x86
		{D94F158D-0898-4636-9F03-E0CA27FF9E0C}.Debug|Any CPU.ActiveCfg = Debug|Any CPU
		{D94F158D-0898-4636-9F03-E0CA27FF9E0C}.Debug|Any CPU.Build.0 = Debug|Any CPU
		{D94F158D-0898-4636-9F03-E0CA27FF9E0C}.Debug|Any CPU.Deploy.0 = Debug|Any CPU
		{D94F158D-0898-4636-9F03-E0CA27FF9E0C}.Debug|ARM.ActiveCfg = Debug|ARM
		{D94F158D-0898-4636-9F03-E0CA27FF9E0C}.Debug|ARM.Build.0 = Debug|ARM
		{D94F158D-0898-4636-9F03-E0CA27FF9E0C}.Debug|ARM.Deploy.0 = Debug|ARM
		{D94F158D-0898-4636-9F03-E0CA27FF9E0C}.Debug|iPhone.ActiveCfg = Debug|Any CPU
		{D94F158D-0898-4636-9F03-E0CA27FF9E0C}.Debug|iPhone.Build.0 = Debug|Any CPU
		{D94F158D-0898-4636-9F03-E0CA27FF9E0C}.Debug|iPhone.Deploy.0 = Debug|Any CPU
		{D94F158D-0898-4636-9F03-E0CA27FF9E0C}.Debug|iPhoneSimulator.ActiveCfg = Debug|Any CPU
		{D94F158D-0898-4636-9F03-E0CA27FF9E0C}.Debug|iPhoneSimulator.Build.0 = Debug|Any CPU
		{D94F158D-0898-4636-9F03-E0CA27FF9E0C}.Debug|iPhoneSimulator.Deploy.0 = Debug|Any CPU
		{D94F158D-0898-4636-9F03-E0CA27FF9E0C}.Debug|x86.ActiveCfg = Debug|x86
		{D94F158D-0898-4636-9F03-E0CA27FF9E0C}.Debug|x86.Build.0 = Debug|x86
		{D94F158D-0898-4636-9F03-E0CA27FF9E0C}.Debug|x86.Deploy.0 = Debug|x86
		{D94F158D-0898-4636-9F03-E0CA27FF9E0C}.Release|Any CPU.ActiveCfg = Release|Any CPU
		{D94F158D-0898-4636-9F03-E0CA27FF9E0C}.Release|Any CPU.Build.0 = Release|Any CPU
		{D94F158D-0898-4636-9F03-E0CA27FF9E0C}.Release|Any CPU.Deploy.0 = Release|Any CPU
		{D94F158D-0898-4636-9F03-E0CA27FF9E0C}.Release|ARM.ActiveCfg = Release|ARM
		{D94F158D-0898-4636-9F03-E0CA27FF9E0C}.Release|ARM.Build.0 = Release|ARM
		{D94F158D-0898-4636-9F03-E0CA27FF9E0C}.Release|ARM.Deploy.0 = Release|ARM
		{D94F158D-0898-4636-9F03-E0CA27FF9E0C}.Release|iPhone.ActiveCfg = Release|Any CPU
		{D94F158D-0898-4636-9F03-E0CA27FF9E0C}.Release|iPhone.Build.0 = Release|Any CPU
		{D94F158D-0898-4636-9F03-E0CA27FF9E0C}.Release|iPhone.Deploy.0 = Release|Any CPU
		{D94F158D-0898-4636-9F03-E0CA27FF9E0C}.Release|iPhoneSimulator.ActiveCfg = Release|Any CPU
		{D94F158D-0898-4636-9F03-E0CA27FF9E0C}.Release|iPhoneSimulator.Build.0 = Release|Any CPU
		{D94F158D-0898-4636-9F03-E0CA27FF9E0C}.Release|iPhoneSimulator.Deploy.0 = Release|Any CPU
		{D94F158D-0898-4636-9F03-E0CA27FF9E0C}.Release|x86.ActiveCfg = Release|x86
		{D94F158D-0898-4636-9F03-E0CA27FF9E0C}.Release|x86.Build.0 = Release|x86
		{D94F158D-0898-4636-9F03-E0CA27FF9E0C}.Release|x86.Deploy.0 = Release|x86
		{87F8F5B1-C87F-40AD-8FF1-B172B10E33C4}.Ad-Hoc|Any CPU.ActiveCfg = Release|Any CPU
		{87F8F5B1-C87F-40AD-8FF1-B172B10E33C4}.Ad-Hoc|Any CPU.Build.0 = Release|Any CPU
		{87F8F5B1-C87F-40AD-8FF1-B172B10E33C4}.Ad-Hoc|Any CPU.Deploy.0 = Release|Any CPU
		{87F8F5B1-C87F-40AD-8FF1-B172B10E33C4}.Ad-Hoc|ARM.ActiveCfg = Release|ARM
		{87F8F5B1-C87F-40AD-8FF1-B172B10E33C4}.Ad-Hoc|ARM.Build.0 = Release|ARM
		{87F8F5B1-C87F-40AD-8FF1-B172B10E33C4}.Ad-Hoc|ARM.Deploy.0 = Release|ARM
		{87F8F5B1-C87F-40AD-8FF1-B172B10E33C4}.Ad-Hoc|iPhone.ActiveCfg = Release|Any CPU
		{87F8F5B1-C87F-40AD-8FF1-B172B10E33C4}.Ad-Hoc|iPhone.Build.0 = Release|Any CPU
		{87F8F5B1-C87F-40AD-8FF1-B172B10E33C4}.Ad-Hoc|iPhone.Deploy.0 = Release|Any CPU
		{87F8F5B1-C87F-40AD-8FF1-B172B10E33C4}.Ad-Hoc|iPhoneSimulator.ActiveCfg = Release|Any CPU
		{87F8F5B1-C87F-40AD-8FF1-B172B10E33C4}.Ad-Hoc|iPhoneSimulator.Build.0 = Release|Any CPU
		{87F8F5B1-C87F-40AD-8FF1-B172B10E33C4}.Ad-Hoc|iPhoneSimulator.Deploy.0 = Release|Any CPU
		{87F8F5B1-C87F-40AD-8FF1-B172B10E33C4}.Ad-Hoc|x86.ActiveCfg = Release|x86
		{87F8F5B1-C87F-40AD-8FF1-B172B10E33C4}.Ad-Hoc|x86.Build.0 = Release|x86
		{87F8F5B1-C87F-40AD-8FF1-B172B10E33C4}.Ad-Hoc|x86.Deploy.0 = Release|x86
		{87F8F5B1-C87F-40AD-8FF1-B172B10E33C4}.AppStore|Any CPU.ActiveCfg = Release|Any CPU
		{87F8F5B1-C87F-40AD-8FF1-B172B10E33C4}.AppStore|Any CPU.Build.0 = Release|Any CPU
		{87F8F5B1-C87F-40AD-8FF1-B172B10E33C4}.AppStore|Any CPU.Deploy.0 = Release|Any CPU
		{87F8F5B1-C87F-40AD-8FF1-B172B10E33C4}.AppStore|ARM.ActiveCfg = Release|ARM
		{87F8F5B1-C87F-40AD-8FF1-B172B10E33C4}.AppStore|ARM.Build.0 = Release|ARM
		{87F8F5B1-C87F-40AD-8FF1-B172B10E33C4}.AppStore|ARM.Deploy.0 = Release|ARM
		{87F8F5B1-C87F-40AD-8FF1-B172B10E33C4}.AppStore|iPhone.ActiveCfg = Release|Any CPU
		{87F8F5B1-C87F-40AD-8FF1-B172B10E33C4}.AppStore|iPhone.Build.0 = Release|Any CPU
		{87F8F5B1-C87F-40AD-8FF1-B172B10E33C4}.AppStore|iPhone.Deploy.0 = Release|Any CPU
		{87F8F5B1-C87F-40AD-8FF1-B172B10E33C4}.AppStore|iPhoneSimulator.ActiveCfg = Release|Any CPU
		{87F8F5B1-C87F-40AD-8FF1-B172B10E33C4}.AppStore|iPhoneSimulator.Build.0 = Release|Any CPU
		{87F8F5B1-C87F-40AD-8FF1-B172B10E33C4}.AppStore|iPhoneSimulator.Deploy.0 = Release|Any CPU
		{87F8F5B1-C87F-40AD-8FF1-B172B10E33C4}.AppStore|x86.ActiveCfg = Release|x86
		{87F8F5B1-C87F-40AD-8FF1-B172B10E33C4}.AppStore|x86.Build.0 = Release|x86
		{87F8F5B1-C87F-40AD-8FF1-B172B10E33C4}.AppStore|x86.Deploy.0 = Release|x86
		{87F8F5B1-C87F-40AD-8FF1-B172B10E33C4}.Debug|Any CPU.ActiveCfg = Debug|Any CPU
		{87F8F5B1-C87F-40AD-8FF1-B172B10E33C4}.Debug|Any CPU.Build.0 = Debug|Any CPU
		{87F8F5B1-C87F-40AD-8FF1-B172B10E33C4}.Debug|Any CPU.Deploy.0 = Debug|Any CPU
		{87F8F5B1-C87F-40AD-8FF1-B172B10E33C4}.Debug|ARM.ActiveCfg = Debug|ARM
		{87F8F5B1-C87F-40AD-8FF1-B172B10E33C4}.Debug|ARM.Build.0 = Debug|ARM
		{87F8F5B1-C87F-40AD-8FF1-B172B10E33C4}.Debug|ARM.Deploy.0 = Debug|ARM
		{87F8F5B1-C87F-40AD-8FF1-B172B10E33C4}.Debug|iPhone.ActiveCfg = Debug|Any CPU
		{87F8F5B1-C87F-40AD-8FF1-B172B10E33C4}.Debug|iPhone.Build.0 = Debug|Any CPU
		{87F8F5B1-C87F-40AD-8FF1-B172B10E33C4}.Debug|iPhone.Deploy.0 = Debug|Any CPU
		{87F8F5B1-C87F-40AD-8FF1-B172B10E33C4}.Debug|iPhoneSimulator.ActiveCfg = Debug|Any CPU
		{87F8F5B1-C87F-40AD-8FF1-B172B10E33C4}.Debug|iPhoneSimulator.Build.0 = Debug|Any CPU
		{87F8F5B1-C87F-40AD-8FF1-B172B10E33C4}.Debug|iPhoneSimulator.Deploy.0 = Debug|Any CPU
		{87F8F5B1-C87F-40AD-8FF1-B172B10E33C4}.Debug|x86.ActiveCfg = Debug|x86
		{87F8F5B1-C87F-40AD-8FF1-B172B10E33C4}.Debug|x86.Build.0 = Debug|x86
		{87F8F5B1-C87F-40AD-8FF1-B172B10E33C4}.Debug|x86.Deploy.0 = Debug|x86
		{87F8F5B1-C87F-40AD-8FF1-B172B10E33C4}.Release|Any CPU.ActiveCfg = Release|Any CPU
		{87F8F5B1-C87F-40AD-8FF1-B172B10E33C4}.Release|Any CPU.Build.0 = Release|Any CPU
		{87F8F5B1-C87F-40AD-8FF1-B172B10E33C4}.Release|Any CPU.Deploy.0 = Release|Any CPU
		{87F8F5B1-C87F-40AD-8FF1-B172B10E33C4}.Release|ARM.ActiveCfg = Release|ARM
		{87F8F5B1-C87F-40AD-8FF1-B172B10E33C4}.Release|ARM.Build.0 = Release|ARM
		{87F8F5B1-C87F-40AD-8FF1-B172B10E33C4}.Release|ARM.Deploy.0 = Release|ARM
		{87F8F5B1-C87F-40AD-8FF1-B172B10E33C4}.Release|iPhone.ActiveCfg = Release|Any CPU
		{87F8F5B1-C87F-40AD-8FF1-B172B10E33C4}.Release|iPhone.Build.0 = Release|Any CPU
		{87F8F5B1-C87F-40AD-8FF1-B172B10E33C4}.Release|iPhone.Deploy.0 = Release|Any CPU
		{87F8F5B1-C87F-40AD-8FF1-B172B10E33C4}.Release|iPhoneSimulator.ActiveCfg = Release|Any CPU
		{87F8F5B1-C87F-40AD-8FF1-B172B10E33C4}.Release|iPhoneSimulator.Build.0 = Release|Any CPU
		{87F8F5B1-C87F-40AD-8FF1-B172B10E33C4}.Release|iPhoneSimulator.Deploy.0 = Release|Any CPU
		{87F8F5B1-C87F-40AD-8FF1-B172B10E33C4}.Release|x86.ActiveCfg = Release|x86
		{87F8F5B1-C87F-40AD-8FF1-B172B10E33C4}.Release|x86.Build.0 = Release|x86
		{87F8F5B1-C87F-40AD-8FF1-B172B10E33C4}.Release|x86.Deploy.0 = Release|x86
	EndGlobalSection
	GlobalSection(SolutionProperties) = preSolution
		HideSolutionNode = FALSE
	EndGlobalSection
	GlobalSection(ExtensibilityGlobals) = postSolution
		SolutionGuid = {3DA15B51-9BB9-449C-9229-BFC5BCAD4BE9}
	EndGlobalSection
EndGlobal
